
Microsoft Visual Studio Solution File, Format Version 12.00
# Visual Studio Version 17
VisualStudioVersion = 17.14.36414.22
MinimumVisualStudioVersion = 10.0.40219.1
Project("{FAE04EC0-301F-11D3-BF4B-00C04F79EFBC}") = "Web_Registration", "Web_Registration.csproj", "{364A64F9-8998-46EA-A760-032B6D1CA74D}"
EndProject
Project("{FAE04EC0-301F-11D3-BF4B-00C04F79EFBC}") = "Write_to_DB3", "..\Write_to_DB3\Write_to_DB3\Write_to_DB3.csproj", "{BCE2FBDA-BB72-CB39-3479-04BF7A2B15E1}"
EndProject
Global
	GlobalSection(SolutionConfigurationPlatforms) = preSolution
		Debug|Any CPU = Debug|Any CPU
		Release|Any CPU = Release|Any CPU
	EndGlobalSection
	GlobalSection(ProjectConfigurationPlatforms) = postSolution
		{364A64F9-8998-46EA-A760-032B6D1CA74D}.Debug|Any CPU.ActiveCfg = Debug|Any CPU
		{364A64F9-8998-46EA-A760-032B6D1CA74D}.Debug|Any CPU.Build.0 = Debug|Any CPU
		{364A64F9-8998-46EA-A760-032B6D1CA74D}.Release|Any CPU.ActiveCfg = Release|Any CPU
		{364A64F9-8998-46EA-A760-032B6D1CA74D}.Release|Any CPU.Build.0 = Release|Any CPU
		{BCE2FBDA-BB72-CB39-3479-04BF7A2B15E1}.Debug|Any CPU.ActiveCfg = Debug|Any CPU
		{BCE2FBDA-BB72-CB39-3479-04BF7A2B15E1}.Debug|Any CPU.Build.0 = Debug|Any CPU
		{BCE2FBDA-BB72-CB39-3479-04BF7A2B15E1}.Release|Any CPU.ActiveCfg = Release|Any CPU
		{BCE2FBDA-BB72-CB39-3479-04BF7A2B15E1}.Release|Any CPU.Build.0 = Release|Any CPU
	EndGlobalSection
	GlobalSection(SolutionProperties) = preSolution
		HideSolutionNode = FALSE
	EndGlobalSection
	GlobalSection(ExtensibilityGlobals) = postSolution
		SolutionGuid = {D23FE9C8-B0F0-465A-8784-50F17A971EFC}
	EndGlobalSection
EndGlobal
